<Solution>
  <Folder Name="/.github/">
    <File Path=".github\ISSUE_TEMPLATE.md" />
    <File Path=".github\PULL_REQUEST_TEMPLATE.md" />
  </Folder>
  <Folder Name="/.github/ISSUE_TEMPLATE/">
    <File Path=".github\ISSUE_TEMPLATE\bug.yml" />
    <File Path=".github\ISSUE_TEMPLATE\config.yml" />
    <File Path=".github\ISSUE_TEMPLATE\feature.yml" />
    <File Path=".github\ISSUE_TEMPLATE\question.yml" />
  </Folder>
  <Folder Name="/.github/workflows/">
    <File Path=".github\workflows\dotnet.yml" />
    <File Path=".github\workflows\triage.yml" />
  </Folder>
  <Folder Name="/assets/">
    <File Path=".editorconfig" />
    <File Path=".gitattributes" />
    <File Path=".gitignore" />
    <File Path="LICENSE.md" />
    <File Path="README.md" />
    <File Path="RefreshToken.md" />
    <File Path="IdentityServer.png" />
    <File Path="IdentityServer.svg" />
    <File Path="Configure Azure have access to GitHub.md" />
    <File Path="CONTRIBUTING.md" />
    <File Path="cross-identity-deploy-key" />
    <File Path="cross-identity-deploy-key.pub" />
    <File Path="GitVersion.yml" />
  </Folder>
  <Project Path="Cross.Identity.Tests\Cross.Identity.Tests.csproj" />
  <Project Path="Cross.Identity\Cross.Identity.csproj" />
  <Project Path="Sample.Api/Sample.Api.csproj" />
</Solution>